
Microsoft Visual Studio Solution File, Format Version 12.00
# Visual Studio Version 17
VisualStudioVersion = 17.9.34728.123
MinimumVisualStudioVersion = 10.0.40219.1
Project("{2150E333-8FDC-42A3-9474-1A3956D46DE8}") = "src", "src", "{B6B04EA0-34BC-4201-8CC0-DCB4F4A93EE6}"
EndProject
Project("{2150E333-8FDC-42A3-9474-1A3956D46DE8}") = "test", "test", "{46C5E12F-24E2-493B-8B0D-FB54937D6933}"
EndProject
Project("{2150E333-8FDC-42A3-9474-1A3956D46DE8}") = "APIs", "APIs", "{4A4A7F38-CD2D-4D81-9CCC-28A7831AA0CE}"
EndProject
Project("{2150E333-8FDC-42A3-9474-1A3956D46DE8}") = "Core", "Core", "{93AF8944-55D2-46C0-8DD6-BAD7E422DBAA}"
EndProject
Project("{2150E333-8FDC-42A3-9474-1A3956D46DE8}") = "Infrastructure", "Infrastructure", "{8633C686-0211-401C-A15F-0C0D2AF7896E}"
EndProject
Project("{2150E333-8FDC-42A3-9474-1A3956D46DE8}") = "UI", "UI", "{DFD434EE-88F8-4994-8F81-5A088ACD336F}"
EndProject
Project("{2150E333-8FDC-42A3-9474-1A3956D46DE8}") = "Client", "Client", "{1B06DA40-4C12-4E12-8465-650B129256BE}"
EndProject
Project("{2150E333-8FDC-42A3-9474-1A3956D46DE8}") = "Dashboard", "Dashboard", "{CA7EFFDF-6FDF-4C53-812D-2614206E9B18}"
EndProject
Project("{9A19103F-16F7-4668-BE54-9A1E7A4F7556}") = "LinkDev.Talabat.APIs", "LinkDev.Talabat.APIs\LinkDev.Talabat.APIs.csproj", "{18983DF6-34EA-4DC0-8922-20141D772099}"
EndProject
Project("{FAE04EC0-301F-11D3-BF4B-00C04F79EFBC}") = "LinkDev.Talabat.Core.Domain", "LinkDev.Talabat.Core.Domain\LinkDev.Talabat.Core.Domain.csproj", "{B73F1783-D5F6-4EF6-94D0-E70C455B9631}"
EndProject
Project("{FAE04EC0-301F-11D3-BF4B-00C04F79EFBC}") = "LinkDev.Talabat.Core.Application", "LinkDev.Talabat.Core.Application\LinkDev.Talabat.Core.Application.csproj", "{235D252A-056E-4D67-A5DC-E3F9C26972C1}"
EndProject
Project("{FAE04EC0-301F-11D3-BF4B-00C04F79EFBC}") = "LinkDev.Talabat.Core.Application.Abstraction", "LinkDev.Talabat.Core.Application.Abstraction\LinkDev.Talabat.Core.Application.Abstraction.csproj", "{691B63C7-077E-429B-B6C6-7618746CBC87}"
EndProject
Project("{FAE04EC0-301F-11D3-BF4B-00C04F79EFBC}") = "LinkDev.Talabat.Infrastructure", "LinkDev.Talabat.Infrastructure\LinkDev.Talabat.Infrastructure.csproj", "{335E6CCE-92E8-48F6-BC7A-CC49F0166B4E}"
EndProject
Project("{FAE04EC0-301F-11D3-BF4B-00C04F79EFBC}") = "LinkDev.Talabat.Infrastructure.Persistance", "LinkDev.Talabat.Infrastructure.Persistance\LinkDev.Talabat.Infrastructure.Persistance.csproj", "{3750B80C-4DAA-4FD3-AADE-98DEE193E63A}"
EndProject
Project("{FAE04EC0-301F-11D3-BF4B-00C04F79EFBC}") = "LinkDev.Talabat.Dashboard", "LinkDev.Talabat.Dashboard\LinkDev.Talabat.Dashboard.csproj", "{A2F20DBC-31D9-435F-B40A-2E7B6B15F64D}"
EndProject
Global
	GlobalSection(SolutionConfigurationPlatforms) = preSolution
		Debug|Any CPU = Debug|Any CPU
		Release|Any CPU = Release|Any CPU
	EndGlobalSection
	GlobalSection(ProjectConfigurationPlatforms) = postSolution
		{18983DF6-34EA-4DC0-8922-20141D772099}.Debug|Any CPU.ActiveCfg = Debug|Any CPU
		{18983DF6-34EA-4DC0-8922-20141D772099}.Debug|Any CPU.Build.0 = Debug|Any CPU
		{18983DF6-34EA-4DC0-8922-20141D772099}.Release|Any CPU.ActiveCfg = Release|Any CPU
		{18983DF6-34EA-4DC0-8922-20141D772099}.Release|Any CPU.Build.0 = Release|Any CPU
		{B73F1783-D5F6-4EF6-94D0-E70C455B9631}.Debug|Any CPU.ActiveCfg = Debug|Any CPU
		{B73F1783-D5F6-4EF6-94D0-E70C455B9631}.Debug|Any CPU.Build.0 = Debug|Any CPU
		{B73F1783-D5F6-4EF6-94D0-E70C455B9631}.Release|Any CPU.ActiveCfg = Release|Any CPU
		{B73F1783-D5F6-4EF6-94D0-E70C455B9631}.Release|Any CPU.Build.0 = Release|Any CPU
		{235D252A-056E-4D67-A5DC-E3F9C26972C1}.Debug|Any CPU.ActiveCfg = Debug|Any CPU
		{235D252A-056E-4D67-A5DC-E3F9C26972C1}.Debug|Any CPU.Build.0 = Debug|Any CPU
		{235D252A-056E-4D67-A5DC-E3F9C26972C1}.Release|Any CPU.ActiveCfg = Release|Any CPU
		{235D252A-056E-4D67-A5DC-E3F9C26972C1}.Release|Any CPU.Build.0 = Release|Any CPU
		{691B63C7-077E-429B-B6C6-7618746CBC87}.Debug|Any CPU.ActiveCfg = Debug|Any CPU
		{691B63C7-077E-429B-B6C6-7618746CBC87}.Debug|Any CPU.Build.0 = Debug|Any CPU
		{691B63C7-077E-429B-B6C6-7618746CBC87}.Release|Any CPU.ActiveCfg = Release|Any CPU
		{691B63C7-077E-429B-B6C6-7618746CBC87}.Release|Any CPU.Build.0 = Release|Any CPU
		{335E6CCE-92E8-48F6-BC7A-CC49F0166B4E}.Debug|Any CPU.ActiveCfg = Debug|Any CPU
		{335E6CCE-92E8-48F6-BC7A-CC49F0166B4E}.Debug|Any CPU.Build.0 = Debug|Any CPU
		{335E6CCE-92E8-48F6-BC7A-CC49F0166B4E}.Release|Any CPU.ActiveCfg = Release|Any CPU
		{335E6CCE-92E8-48F6-BC7A-CC49F0166B4E}.Release|Any CPU.Build.0 = Release|Any CPU
		{3750B80C-4DAA-4FD3-AADE-98DEE193E63A}.Debug|Any CPU.ActiveCfg = Debug|Any CPU
		{3750B80C-4DAA-4FD3-AADE-98DEE193E63A}.Debug|Any CPU.Build.0 = Debug|Any CPU
		{3750B80C-4DAA-4FD3-AADE-98DEE193E63A}.Release|Any CPU.ActiveCfg = Release|Any CPU
		{3750B80C-4DAA-4FD3-AADE-98DEE193E63A}.Release|Any CPU.Build.0 = Release|Any CPU
		{A2F20DBC-31D9-435F-B40A-2E7B6B15F64D}.Debug|Any CPU.ActiveCfg = Debug|Any CPU
		{A2F20DBC-31D9-435F-B40A-2E7B6B15F64D}.Debug|Any CPU.Build.0 = Debug|Any CPU
		{A2F20DBC-31D9-435F-B40A-2E7B6B15F64D}.Release|Any CPU.ActiveCfg = Release|Any CPU
		{A2F20DBC-31D9-435F-B40A-2E7B6B15F64D}.Release|Any CPU.Build.0 = Release|Any CPU
	EndGlobalSection
	GlobalSection(SolutionProperties) = preSolution
		HideSolutionNode = FALSE
	EndGlobalSection
	GlobalSection(NestedProjects) = preSolution
		{4A4A7F38-CD2D-4D81-9CCC-28A7831AA0CE} = {B6B04EA0-34BC-4201-8CC0-DCB4F4A93EE6}
		{93AF8944-55D2-46C0-8DD6-BAD7E422DBAA} = {B6B04EA0-34BC-4201-8CC0-DCB4F4A93EE6}
		{8633C686-0211-401C-A15F-0C0D2AF7896E} = {B6B04EA0-34BC-4201-8CC0-DCB4F4A93EE6}
		{DFD434EE-88F8-4994-8F81-5A088ACD336F} = {B6B04EA0-34BC-4201-8CC0-DCB4F4A93EE6}
		{1B06DA40-4C12-4E12-8465-650B129256BE} = {DFD434EE-88F8-4994-8F81-5A088ACD336F}
		{CA7EFFDF-6FDF-4C53-812D-2614206E9B18} = {DFD434EE-88F8-4994-8F81-5A088ACD336F}
		{18983DF6-34EA-4DC0-8922-20141D772099} = {4A4A7F38-CD2D-4D81-9CCC-28A7831AA0CE}
		{B73F1783-D5F6-4EF6-94D0-E70C455B9631} = {93AF8944-55D2-46C0-8DD6-BAD7E422DBAA}
		{235D252A-056E-4D67-A5DC-E3F9C26972C1} = {93AF8944-55D2-46C0-8DD6-BAD7E422DBAA}
		{691B63C7-077E-429B-B6C6-7618746CBC87} = {93AF8944-55D2-46C0-8DD6-BAD7E422DBAA}
		{335E6CCE-92E8-48F6-BC7A-CC49F0166B4E} = {8633C686-0211-401C-A15F-0C0D2AF7896E}
		{3750B80C-4DAA-4FD3-AADE-98DEE193E63A} = {8633C686-0211-401C-A15F-0C0D2AF7896E}
		{A2F20DBC-31D9-435F-B40A-2E7B6B15F64D} = {CA7EFFDF-6FDF-4C53-812D-2614206E9B18}
	EndGlobalSection
	GlobalSection(ExtensibilityGlobals) = postSolution
		SolutionGuid = {0313C5A6-E6D9-4984-8AAF-66C3A1BBA700}
	EndGlobalSection
EndGlobal
